
Microsoft Visual Studio Solution File, Format Version 11.00
# Visual Studio 2010
Project("{FAE04EC0-301F-11D3-BF4B-00C04F79EFBC}") = "OOD Project", "Assembly-CSharp.csproj", "{BDE3CD0F-164A-32AA-E49E-92165D48FB46}"
EndProject
Global
	GlobalSection(SolutionConfigurationPlatforms) = preSolution
		Debug|Any CPU = Debug|Any CPU
		Release|Any CPU = Release|Any CPU
	EndGlobalSection
	GlobalSection(ProjectConfigurationPlatforms) = postSolution
		{BDE3CD0F-164A-32AA-E49E-92165D48FB46}.Debug|Any CPU.ActiveCfg = Debug|Any CPU
		{BDE3CD0F-164A-32AA-E49E-92165D48FB46}.Debug|Any CPU.Build.0 = Debug|Any CPU
		{BDE3CD0F-164A-32AA-E49E-92165D48FB46}.Release|Any CPU.ActiveCfg = Release|Any CPU
		{BDE3CD0F-164A-32AA-E49E-92165D48FB46}.Release|Any CPU.Build.0 = Release|Any CPU
	EndGlobalSection
	GlobalSection(SolutionProperties) = preSolution
		HideSolutionNode = FALSE
	EndGlobalSection
	GlobalSection(MonoDevelopProperties) = preSolution
		StartupItem = Assembly-CSharp.csproj
	EndGlobalSection
EndGlobal
